
Microsoft Visual Studio Solution File, Format Version 12.00
# Visual Studio 15
VisualStudioVersion = 15.0.28307.168
MinimumVisualStudioVersion = 10.0.40219.1
Project("{2150E333-8FDC-42A3-9474-1A3956D46DE8}") = "src", "src", "{452CBAB5-5C33-4C2C-9A50-7AECA31F0862}"
EndProject
Project("{2150E333-8FDC-42A3-9474-1A3956D46DE8}") = "tests", "tests", "{3E0176FD-7821-4285-9633-661ACF07D97D}"
EndProject
Project("{9A19103F-16F7-4668-BE54-9A1E7A4F7556}") = "InMemoryDatabase", "src\InMemoryDatabase\InMemoryDatabase.csproj", "{383E94CE-D96D-453C-A354-D514A99B06D5}"
EndProject
Project("{9A19103F-16F7-4668-BE54-9A1E7A4F7556}") = "InMemoryDatabase.CLI", "src\InMemoryDatabase.CLI\InMemoryDatabase.CLI.csproj", "{3E1D8B70-AA41-4450-BFE3-8C948E86B791}"
EndProject
Project("{9A19103F-16F7-4668-BE54-9A1E7A4F7556}") = "InMemoryDatabase.WebAPI", "src\InMemoryDatabase.WebAPI\InMemoryDatabase.WebAPI.csproj", "{37B358A6-7B46-4657-804F-F7072CBEC0B3}"
EndProject
Project("{9A19103F-16F7-4668-BE54-9A1E7A4F7556}") = "InMemoryDatabase.Tests", "tests\InMemoryDatabase.Tests\InMemoryDatabase.Tests.csproj", "{4C7ABE2A-AAE8-4BBF-A021-1B0169BFC678}"
EndProject
Global
	GlobalSection(SolutionConfigurationPlatforms) = preSolution
		Debug|Any CPU = Debug|Any CPU
		Release|Any CPU = Release|Any CPU
	EndGlobalSection
	GlobalSection(ProjectConfigurationPlatforms) = postSolution
		{383E94CE-D96D-453C-A354-D514A99B06D5}.Debug|Any CPU.ActiveCfg = Debug|Any CPU
		{383E94CE-D96D-453C-A354-D514A99B06D5}.Debug|Any CPU.Build.0 = Debug|Any CPU
		{383E94CE-D96D-453C-A354-D514A99B06D5}.Release|Any CPU.ActiveCfg = Release|Any CPU
		{383E94CE-D96D-453C-A354-D514A99B06D5}.Release|Any CPU.Build.0 = Release|Any CPU
		{3E1D8B70-AA41-4450-BFE3-8C948E86B791}.Debug|Any CPU.ActiveCfg = Debug|Any CPU
		{3E1D8B70-AA41-4450-BFE3-8C948E86B791}.Debug|Any CPU.Build.0 = Debug|Any CPU
		{3E1D8B70-AA41-4450-BFE3-8C948E86B791}.Release|Any CPU.ActiveCfg = Release|Any CPU
		{3E1D8B70-AA41-4450-BFE3-8C948E86B791}.Release|Any CPU.Build.0 = Release|Any CPU
		{37B358A6-7B46-4657-804F-F7072CBEC0B3}.Debug|Any CPU.ActiveCfg = Debug|Any CPU
		{37B358A6-7B46-4657-804F-F7072CBEC0B3}.Debug|Any CPU.Build.0 = Debug|Any CPU
		{37B358A6-7B46-4657-804F-F7072CBEC0B3}.Release|Any CPU.ActiveCfg = Release|Any CPU
		{37B358A6-7B46-4657-804F-F7072CBEC0B3}.Release|Any CPU.Build.0 = Release|Any CPU
		{4C7ABE2A-AAE8-4BBF-A021-1B0169BFC678}.Debug|Any CPU.ActiveCfg = Debug|Any CPU
		{4C7ABE2A-AAE8-4BBF-A021-1B0169BFC678}.Debug|Any CPU.Build.0 = Debug|Any CPU
		{4C7ABE2A-AAE8-4BBF-A021-1B0169BFC678}.Release|Any CPU.ActiveCfg = Release|Any CPU
		{4C7ABE2A-AAE8-4BBF-A021-1B0169BFC678}.Release|Any CPU.Build.0 = Release|Any CPU
	EndGlobalSection
	GlobalSection(SolutionProperties) = preSolution
		HideSolutionNode = FALSE
	EndGlobalSection
	GlobalSection(NestedProjects) = preSolution
		{383E94CE-D96D-453C-A354-D514A99B06D5} = {452CBAB5-5C33-4C2C-9A50-7AECA31F0862}
		{3E1D8B70-AA41-4450-BFE3-8C948E86B791} = {452CBAB5-5C33-4C2C-9A50-7AECA31F0862}
		{37B358A6-7B46-4657-804F-F7072CBEC0B3} = {452CBAB5-5C33-4C2C-9A50-7AECA31F0862}
		{4C7ABE2A-AAE8-4BBF-A021-1B0169BFC678} = {3E0176FD-7821-4285-9633-661ACF07D97D}
	EndGlobalSection
	GlobalSection(ExtensibilityGlobals) = postSolution
		SolutionGuid = {632EB00B-C0B6-40D6-AB74-18019B9719A6}
	EndGlobalSection
EndGlobal
